
Microsoft Visual Studio Solution File, Format Version 12.00
# Visual Studio Version 17
VisualStudioVersion = 17.14.36518.9
MinimumVisualStudioVersion = 10.0.40219.1
Project("{FAE04EC0-301F-11D3-BF4B-00C04F79EFBC}") = "MyShopAPI", "..\MyShopAPI\MyShopAPI.csproj", "{9748926C-2C3A-4C7B-996F-B83296D5AB5E}"
EndProject
Project("{FAE04EC0-301F-11D3-BF4B-00C04F79EFBC}") = "MyShop", "MyShop.csproj", "{1D1B6FA2-6151-BA6E-C60E-196C882C164E}"
EndProject
Project("{FAE04EC0-301F-11D3-BF4B-00C04F79EFBC}") = "MyShop.Contracts", "..\MyShop.Contracts\MyShop.Contracts.csproj", "{508B27E4-D41B-40FA-B498-9636647A9030}"
EndProject
Project("{FAE04EC0-301F-11D3-BF4B-00C04F79EFBC}") = "FuzzySearch", "..\Plugins\FuzzySearch\FuzzySearch.csproj", "{993DE784-D324-478B-BF95-AB453D0327C1}"
EndProject
Global
	GlobalSection(SolutionConfigurationPlatforms) = preSolution
		Debug|ARM64 = Debug|ARM64
		Debug|x64 = Debug|x64
		Debug|x86 = Debug|x86
		Debug|Any CPU = Debug|Any CPU
		Release|ARM64 = Release|ARM64
		Release|x64 = Release|x64
		Release|x86 = Release|x86
		Release|Any CPU = Release|Any CPU
	EndGlobalSection
	GlobalSection(ProjectConfigurationPlatforms) = postSolution
		{9748926C-2C3A-4C7B-996F-B83296D5AB5E}.Debug|ARM64.ActiveCfg = Debug|Any CPU
		{9748926C-2C3A-4C7B-996F-B83296D5AB5E}.Debug|ARM64.Build.0 = Debug|Any CPU
		{9748926C-2C3A-4C7B-996F-B83296D5AB5E}.Debug|x64.ActiveCfg = Debug|Any CPU
		{9748926C-2C3A-4C7B-996F-B83296D5AB5E}.Debug|x64.Build.0 = Debug|Any CPU
		{9748926C-2C3A-4C7B-996F-B83296D5AB5E}.Debug|x86.ActiveCfg = Debug|Any CPU
		{9748926C-2C3A-4C7B-996F-B83296D5AB5E}.Debug|x86.Build.0 = Debug|Any CPU
		{9748926C-2C3A-4C7B-996F-B83296D5AB5E}.Debug|Any CPU.ActiveCfg = Debug|Any CPU
		{9748926C-2C3A-4C7B-996F-B83296D5AB5E}.Debug|Any CPU.Build.0 = Debug|Any CPU
		{9748926C-2C3A-4C7B-996F-B83296D5AB5E}.Release|ARM64.ActiveCfg = Release|Any CPU
		{9748926C-2C3A-4C7B-996F-B83296D5AB5E}.Release|ARM64.Build.0 = Release|Any CPU
		{9748926C-2C3A-4C7B-996F-B83296D5AB5E}.Release|x64.ActiveCfg = Release|Any CPU
		{9748926C-2C3A-4C7B-996F-B83296D5AB5E}.Release|x64.Build.0 = Release|Any CPU
		{9748926C-2C3A-4C7B-996F-B83296D5AB5E}.Release|x86.ActiveCfg = Release|Any CPU
		{9748926C-2C3A-4C7B-996F-B83296D5AB5E}.Release|x86.Build.0 = Release|Any CPU
		{9748926C-2C3A-4C7B-996F-B83296D5AB5E}.Release|Any CPU.ActiveCfg = Release|Any CPU
		{9748926C-2C3A-4C7B-996F-B83296D5AB5E}.Release|Any CPU.Build.0 = Release|Any CPU
		{1D1B6FA2-6151-BA6E-C60E-196C882C164E}.Debug|ARM64.ActiveCfg = Debug|ARM64
		{1D1B6FA2-6151-BA6E-C60E-196C882C164E}.Debug|ARM64.Build.0 = Debug|ARM64
		{1D1B6FA2-6151-BA6E-C60E-196C882C164E}.Debug|ARM64.Deploy.0 = Debug|ARM64
		{1D1B6FA2-6151-BA6E-C60E-196C882C164E}.Debug|x64.ActiveCfg = Debug|x64
		{1D1B6FA2-6151-BA6E-C60E-196C882C164E}.Debug|x64.Build.0 = Debug|x64
		{1D1B6FA2-6151-BA6E-C60E-196C882C164E}.Debug|x64.Deploy.0 = Debug|x64
		{1D1B6FA2-6151-BA6E-C60E-196C882C164E}.Debug|x86.ActiveCfg = Debug|x86
		{1D1B6FA2-6151-BA6E-C60E-196C882C164E}.Debug|x86.Build.0 = Debug|x86
		{1D1B6FA2-6151-BA6E-C60E-196C882C164E}.Debug|x86.Deploy.0 = Debug|x86
		{1D1B6FA2-6151-BA6E-C60E-196C882C164E}.Debug|Any CPU.ActiveCfg = Debug|Any CPU
		{1D1B6FA2-6151-BA6E-C60E-196C882C164E}.Debug|Any CPU.Build.0 = Debug|Any CPU
		{1D1B6FA2-6151-BA6E-C60E-196C882C164E}.Release|ARM64.ActiveCfg = Release|ARM64
		{1D1B6FA2-6151-BA6E-C60E-196C882C164E}.Release|ARM64.Build.0 = Release|ARM64
		{1D1B6FA2-6151-BA6E-C60E-196C882C164E}.Release|ARM64.Deploy.0 = Release|ARM64
		{1D1B6FA2-6151-BA6E-C60E-196C882C164E}.Release|x64.ActiveCfg = Release|x64
		{1D1B6FA2-6151-BA6E-C60E-196C882C164E}.Release|x64.Build.0 = Release|x64
		{1D1B6FA2-6151-BA6E-C60E-196C882C164E}.Release|x64.Deploy.0 = Release|x64
		{1D1B6FA2-6151-BA6E-C60E-196C882C164E}.Release|x86.ActiveCfg = Release|x86
		{1D1B6FA2-6151-BA6E-C60E-196C882C164E}.Release|x86.Build.0 = Release|x86
		{1D1B6FA2-6151-BA6E-C60E-196C882C164E}.Release|x86.Deploy.0 = Release|x86
		{1D1B6FA2-6151-BA6E-C60E-196C882C164E}.Release|Any CPU.ActiveCfg = Release|Any CPU
		{1D1B6FA2-6151-BA6E-C60E-196C882C164E}.Release|Any CPU.Build.0 = Release|Any CPU
		{508B27E4-D41B-40FA-B498-9636647A9030}.Debug|ARM64.ActiveCfg = Debug|ARM64
		{508B27E4-D41B-40FA-B498-9636647A9030}.Debug|ARM64.Build.0 = Debug|ARM64
		{508B27E4-D41B-40FA-B498-9636647A9030}.Debug|x64.ActiveCfg = Debug|x64
		{508B27E4-D41B-40FA-B498-9636647A9030}.Debug|x64.Build.0 = Debug|x64
		{508B27E4-D41B-40FA-B498-9636647A9030}.Debug|x86.ActiveCfg = Debug|x86
		{508B27E4-D41B-40FA-B498-9636647A9030}.Debug|x86.Build.0 = Debug|x86
		{508B27E4-D41B-40FA-B498-9636647A9030}.Debug|Any CPU.ActiveCfg = Debug|x86
		{508B27E4-D41B-40FA-B498-9636647A9030}.Debug|Any CPU.Build.0 = Debug|x86
		{508B27E4-D41B-40FA-B498-9636647A9030}.Release|ARM64.ActiveCfg = Release|ARM64
		{508B27E4-D41B-40FA-B498-9636647A9030}.Release|ARM64.Build.0 = Release|ARM64
		{508B27E4-D41B-40FA-B498-9636647A9030}.Release|x64.ActiveCfg = Release|x64
		{508B27E4-D41B-40FA-B498-9636647A9030}.Release|x64.Build.0 = Release|x64
		{508B27E4-D41B-40FA-B498-9636647A9030}.Release|x86.ActiveCfg = Release|x86
		{508B27E4-D41B-40FA-B498-9636647A9030}.Release|x86.Build.0 = Release|x86
		{508B27E4-D41B-40FA-B498-9636647A9030}.Release|Any CPU.ActiveCfg = Release|x86
		{508B27E4-D41B-40FA-B498-9636647A9030}.Release|Any CPU.Build.0 = Release|x86
		{993DE784-D324-478B-BF95-AB453D0327C1}.Debug|ARM64.ActiveCfg = Debug|x64
		{993DE784-D324-478B-BF95-AB453D0327C1}.Debug|ARM64.Build.0 = Debug|x64
		{993DE784-D324-478B-BF95-AB453D0327C1}.Debug|x64.ActiveCfg = Debug|x64
		{993DE784-D324-478B-BF95-AB453D0327C1}.Debug|x64.Build.0 = Debug|x64
		{993DE784-D324-478B-BF95-AB453D0327C1}.Debug|x86.ActiveCfg = Debug|x64
		{993DE784-D324-478B-BF95-AB453D0327C1}.Debug|x86.Build.0 = Debug|x64
		{993DE784-D324-478B-BF95-AB453D0327C1}.Debug|Any CPU.ActiveCfg = Debug|x64
		{993DE784-D324-478B-BF95-AB453D0327C1}.Debug|Any CPU.Build.0 = Debug|x64
		{993DE784-D324-478B-BF95-AB453D0327C1}.Release|ARM64.ActiveCfg = Release|x64
		{993DE784-D324-478B-BF95-AB453D0327C1}.Release|ARM64.Build.0 = Release|x64
		{993DE784-D324-478B-BF95-AB453D0327C1}.Release|x64.ActiveCfg = Release|x64
		{993DE784-D324-478B-BF95-AB453D0327C1}.Release|x64.Build.0 = Release|x64
		{993DE784-D324-478B-BF95-AB453D0327C1}.Release|x86.ActiveCfg = Release|x64
		{993DE784-D324-478B-BF95-AB453D0327C1}.Release|x86.Build.0 = Release|x64
		{993DE784-D324-478B-BF95-AB453D0327C1}.Release|Any CPU.ActiveCfg = Release|x64
		{993DE784-D324-478B-BF95-AB453D0327C1}.Release|Any CPU.Build.0 = Release|x64
	EndGlobalSection
	GlobalSection(SolutionProperties) = preSolution
		HideSolutionNode = FALSE
	EndGlobalSection
	GlobalSection(ExtensibilityGlobals) = postSolution
		SolutionGuid = {BC140046-9E54-40DA-84FF-F50185ADA2FF}
	EndGlobalSection
EndGlobal
